Microsoft Visual Studio Solution File, Format Version 12.00
# Visual Studio Version 17
VisualStudioVersion = 17.5.2.0
MinimumVisualStudioVersion = 10.0.40219.1
Project("{FAE04EC0-301F-11D3-BF4B-00C04F79EFBC}") = "PianiMongoDB", "PianiMongoDB.csproj", "{5BBA60BD-0CFC-B153-8895-16CDA4A82D27}"
EndProject
Global
	GlobalSection(SolutionConfigurationPlatforms) = preSolution
		Debug|Any CPU = Debug|Any CPU
		Release|Any CPU = Release|Any CPU
	EndGlobalSection
	GlobalSection(ProjectConfigurationPlatforms) = postSolution
		{5BBA60BD-0CFC-B153-8895-16CDA4A82D27}.Debug|Any CPU.ActiveCfg = Debug|Any CPU
		{5BBA60BD-0CFC-B153-8895-16CDA4A82D27}.Debug|Any CPU.Build.0 = Debug|Any CPU
		{5BBA60BD-0CFC-B153-8895-16CDA4A82D27}.Release|Any CPU.ActiveCfg = Release|Any CPU
		{5BBA60BD-0CFC-B153-8895-16CDA4A82D27}.Release|Any CPU.Build.0 = Release|Any CPU
	EndGlobalSection
	GlobalSection(SolutionProperties) = preSolution
		HideSolutionNode = FALSE
	EndGlobalSection
	GlobalSection(ExtensibilityGlobals) = postSolution
		SolutionGuid = {3F36C538-22B7-41F5-9A25-D3C82A4583E7}
	EndGlobalSection
EndGlobal
